
Microsoft Visual Studio Solution File, Format Version 12.00
# Visual Studio Version 17
VisualStudioVersion = 17.0.31903.59
MinimumVisualStudioVersion = 10.0.40219.1
Project("{2150E333-8FDC-42A3-9474-1A3956D46DE8}") = "src", "src", "{8185DDD2-2FD0-44E4-AC6E-5AD61E0A4099}"
EndProject
Project("{FAE04EC0-301F-11D3-BF4B-00C04F79EFBC}") = "VSoftSol.Syslog.Core", "src\VSoftSol.Syslog.Core\VSoftSol.Syslog.Core.csproj", "{B697AE41-80D5-4434-83ED-01F90ABEB3F8}"
EndProject
Project("{FAE04EC0-301F-11D3-BF4B-00C04F79EFBC}") = "VSoftSol.Syslog.Data", "src\VSoftSol.Syslog.Data\VSoftSol.Syslog.Data.csproj", "{38D6EFC4-CF47-470C-98C8-F5C5FB17FF45}"
EndProject
Project("{FAE04EC0-301F-11D3-BF4B-00C04F79EFBC}") = "VSoftSol.Syslog.Ingestion", "src\VSoftSol.Syslog.Ingestion\VSoftSol.Syslog.Ingestion.csproj", "{1C89DA49-3702-473E-846A-38069CEC15B7}"
EndProject
Project("{FAE04EC0-301F-11D3-BF4B-00C04F79EFBC}") = "VSoftSol.Syslog.Rules", "src\VSoftSol.Syslog.Rules\VSoftSol.Syslog.Rules.csproj", "{71FA90D6-BFF7-45A6-B493-9D7351D18ED7}"
EndProject
Project("{FAE04EC0-301F-11D3-BF4B-00C04F79EFBC}") = "VSoftSol.Syslog.Reporting", "src\VSoftSol.Syslog.Reporting\VSoftSol.Syslog.Reporting.csproj", "{A5447312-7427-4C16-92C8-2162DE991564}"
EndProject
Project("{FAE04EC0-301F-11D3-BF4B-00C04F79EFBC}") = "VSoftSol.Syslog.Service", "src\VSoftSol.Syslog.Service\VSoftSol.Syslog.Service.csproj", "{755566AE-49B2-43B6-8EC2-3FFD6D899238}"
EndProject
Project("{FAE04EC0-301F-11D3-BF4B-00C04F79EFBC}") = "VSoftSol.Syslog.Web", "src\VSoftSol.Syslog.Web\VSoftSol.Syslog.Web.csproj", "{43223BD8-D84B-4FEC-8FD4-B923DB174292}"
EndProject
Project("{2150E333-8FDC-42A3-9474-1A3956D46DE8}") = "tests", "tests", "{C6D4B14C-E75A-402E-82BF-F86C7B187F6E}"
EndProject
Project("{FAE04EC0-301F-11D3-BF4B-00C04F79EFBC}") = "VSoftSol.Syslog.UnitTests", "tests\VSoftSol.Syslog.UnitTests\VSoftSol.Syslog.UnitTests.csproj", "{DEE4F4C1-1982-4939-BAFD-4E33DB18E863}"
EndProject
Project("{FAE04EC0-301F-11D3-BF4B-00C04F79EFBC}") = "VSoftSol.Syslog.IntegrationTests", "tests\VSoftSol.Syslog.IntegrationTests\VSoftSol.Syslog.IntegrationTests.csproj", "{9368F574-7D3D-4D30-8AB7-F4518F3D4867}"
EndProject
Project("{2150E333-8FDC-42A3-9474-1A3956D46DE8}") = "build", "build", "{29EE76A5-BC2C-438F-9DBB-60CCF91ECBD4}"
EndProject
Project("{FAE04EC0-301F-11D3-BF4B-00C04F79EFBC}") = "VSoftSol.Syslog.BrandingGen", "build\VSoftSol.Syslog.BrandingGen\VSoftSol.Syslog.BrandingGen.csproj", "{866F7116-CDBF-4243-8337-A002FBC57796}"
EndProject
Project("{FAE04EC0-301F-11D3-BF4B-00C04F79EFBC}") = "VSoftSol.Syslog.Benchmarks", "tests\VSoftSol.Syslog.Benchmarks\VSoftSol.Syslog.Benchmarks.csproj", "{DCE22BD1-46A7-4845-8BB2-2F5B622472F1}"
EndProject
Project("{FAE04EC0-301F-11D3-BF4B-00C04F79EFBC}") = "VSoftSol.Syslog.CrashProbe", "tests\VSoftSol.Syslog.CrashProbe\VSoftSol.Syslog.CrashProbe.csproj", "{334E9DBF-0A41-4BDA-B2EC-83C6E7795629}"
EndProject
Project("{FAE04EC0-301F-11D3-BF4B-00C04F79EFBC}") = "VSoftSol.Syslog.IngestionProbe", "tests\VSoftSol.Syslog.IngestionProbe\VSoftSol.Syslog.IngestionProbe.csproj", "{4D2122AC-CE47-4766-BA23-DB2E0175BD8B}"
EndProject
Project("{FAE04EC0-301F-11D3-BF4B-00C04F79EFBC}") = "VSoftSol.Syslog.ActionProbe", "tests\VSoftSol.Syslog.ActionProbe\VSoftSol.Syslog.ActionProbe.csproj", "{D15F82F4-7399-4D30-8245-C955B9B20D3E}"
EndProject
Project("{2150E333-8FDC-42A3-9474-1A3956D46DE8}") = "tools", "tools", "{2C1A09D2-43E9-4874-A5FF-25EF213CCDEA}"
EndProject
Project("{FAE04EC0-301F-11D3-BF4B-00C04F79EFBC}") = "VSoftSol.Syslog.ReleaseSigning", "tools\VSoftSol.Syslog.ReleaseSigning\VSoftSol.Syslog.ReleaseSigning.csproj", "{9DCCD433-35EA-4A21-8AAF-F225EC6EB926}"
EndProject
Global
	GlobalSection(SolutionConfigurationPlatforms) = preSolution
		Debug|Any CPU = Debug|Any CPU
		Release|Any CPU = Release|Any CPU
	EndGlobalSection
	GlobalSection(SolutionProperties) = preSolution
		HideSolutionNode = FALSE
	EndGlobalSection
	GlobalSection(ProjectConfigurationPlatforms) = postSolution
		{B697AE41-80D5-4434-83ED-01F90ABEB3F8}.Debug|Any CPU.ActiveCfg = Debug|Any CPU
		{B697AE41-80D5-4434-83ED-01F90ABEB3F8}.Debug|Any CPU.Build.0 = Debug|Any CPU
		{B697AE41-80D5-4434-83ED-01F90ABEB3F8}.Release|Any CPU.ActiveCfg = Release|Any CPU
		{B697AE41-80D5-4434-83ED-01F90ABEB3F8}.Release|Any CPU.Build.0 = Release|Any CPU
		{38D6EFC4-CF47-470C-98C8-F5C5FB17FF45}.Debug|Any CPU.ActiveCfg = Debug|Any CPU
		{38D6EFC4-CF47-470C-98C8-F5C5FB17FF45}.Debug|Any CPU.Build.0 = Debug|Any CPU
		{38D6EFC4-CF47-470C-98C8-F5C5FB17FF45}.Release|Any CPU.ActiveCfg = Release|Any CPU
		{38D6EFC4-CF47-470C-98C8-F5C5FB17FF45}.Release|Any CPU.Build.0 = Release|Any CPU
		{1C89DA49-3702-473E-846A-38069CEC15B7}.Debug|Any CPU.ActiveCfg = Debug|Any CPU
		{1C89DA49-3702-473E-846A-38069CEC15B7}.Debug|Any CPU.Build.0 = Debug|Any CPU
		{1C89DA49-3702-473E-846A-38069CEC15B7}.Release|Any CPU.ActiveCfg = Release|Any CPU
		{1C89DA49-3702-473E-846A-38069CEC15B7}.Release|Any CPU.Build.0 = Release|Any CPU
		{71FA90D6-BFF7-45A6-B493-9D7351D18ED7}.Debug|Any CPU.ActiveCfg = Debug|Any CPU
		{71FA90D6-BFF7-45A6-B493-9D7351D18ED7}.Debug|Any CPU.Build.0 = Debug|Any CPU
		{71FA90D6-BFF7-45A6-B493-9D7351D18ED7}.Release|Any CPU.ActiveCfg = Release|Any CPU
		{71FA90D6-BFF7-45A6-B493-9D7351D18ED7}.Release|Any CPU.Build.0 = Release|Any CPU
		{A5447312-7427-4C16-92C8-2162DE991564}.Debug|Any CPU.ActiveCfg = Debug|Any CPU
		{A5447312-7427-4C16-92C8-2162DE991564}.Debug|Any CPU.Build.0 = Debug|Any CPU
		{A5447312-7427-4C16-92C8-2162DE991564}.Release|Any CPU.ActiveCfg = Release|Any CPU
		{A5447312-7427-4C16-92C8-2162DE991564}.Release|Any CPU.Build.0 = Release|Any CPU
		{755566AE-49B2-43B6-8EC2-3FFD6D899238}.Debug|Any CPU.ActiveCfg = Debug|Any CPU
		{755566AE-49B2-43B6-8EC2-3FFD6D899238}.Debug|Any CPU.Build.0 = Debug|Any CPU
		{755566AE-49B2-43B6-8EC2-3FFD6D899238}.Release|Any CPU.ActiveCfg = Release|Any CPU
		{755566AE-49B2-43B6-8EC2-3FFD6D899238}.Release|Any CPU.Build.0 = Release|Any CPU
		{43223BD8-D84B-4FEC-8FD4-B923DB174292}.Debug|Any CPU.ActiveCfg = Debug|Any CPU
		{43223BD8-D84B-4FEC-8FD4-B923DB174292}.Debug|Any CPU.Build.0 = Debug|Any CPU
		{43223BD8-D84B-4FEC-8FD4-B923DB174292}.Release|Any CPU.ActiveCfg = Release|Any CPU
		{43223BD8-D84B-4FEC-8FD4-B923DB174292}.Release|Any CPU.Build.0 = Release|Any CPU
		{DEE4F4C1-1982-4939-BAFD-4E33DB18E863}.Debug|Any CPU.ActiveCfg = Debug|Any CPU
		{DEE4F4C1-1982-4939-BAFD-4E33DB18E863}.Debug|Any CPU.Build.0 = Debug|Any CPU
		{DEE4F4C1-1982-4939-BAFD-4E33DB18E863}.Release|Any CPU.ActiveCfg = Release|Any CPU
		{DEE4F4C1-1982-4939-BAFD-4E33DB18E863}.Release|Any CPU.Build.0 = Release|Any CPU
		{9368F574-7D3D-4D30-8AB7-F4518F3D4867}.Debug|Any CPU.ActiveCfg = Debug|Any CPU
		{9368F574-7D3D-4D30-8AB7-F4518F3D4867}.Debug|Any CPU.Build.0 = Debug|Any CPU
		{9368F574-7D3D-4D30-8AB7-F4518F3D4867}.Release|Any CPU.ActiveCfg = Release|Any CPU
		{9368F574-7D3D-4D30-8AB7-F4518F3D4867}.Release|Any CPU.Build.0 = Release|Any CPU
		{866F7116-CDBF-4243-8337-A002FBC57796}.Debug|Any CPU.ActiveCfg = Debug|Any CPU
		{866F7116-CDBF-4243-8337-A002FBC57796}.Debug|Any CPU.Build.0 = Debug|Any CPU
		{866F7116-CDBF-4243-8337-A002FBC57796}.Release|Any CPU.ActiveCfg = Release|Any CPU
		{866F7116-CDBF-4243-8337-A002FBC57796}.Release|Any CPU.Build.0 = Release|Any CPU
		{DCE22BD1-46A7-4845-8BB2-2F5B622472F1}.Debug|Any CPU.ActiveCfg = Debug|Any CPU
		{DCE22BD1-46A7-4845-8BB2-2F5B622472F1}.Debug|Any CPU.Build.0 = Debug|Any CPU
		{DCE22BD1-46A7-4845-8BB2-2F5B622472F1}.Release|Any CPU.ActiveCfg = Release|Any CPU
		{DCE22BD1-46A7-4845-8BB2-2F5B622472F1}.Release|Any CPU.Build.0 = Release|Any CPU
		{334E9DBF-0A41-4BDA-B2EC-83C6E7795629}.Debug|Any CPU.ActiveCfg = Debug|Any CPU
		{334E9DBF-0A41-4BDA-B2EC-83C6E7795629}.Debug|Any CPU.Build.0 = Debug|Any CPU
		{334E9DBF-0A41-4BDA-B2EC-83C6E7795629}.Release|Any CPU.ActiveCfg = Release|Any CPU
		{334E9DBF-0A41-4BDA-B2EC-83C6E7795629}.Release|Any CPU.Build.0 = Release|Any CPU
		{4D2122AC-CE47-4766-BA23-DB2E0175BD8B}.Debug|Any CPU.ActiveCfg = Debug|Any CPU
		{4D2122AC-CE47-4766-BA23-DB2E0175BD8B}.Debug|Any CPU.Build.0 = Debug|Any CPU
		{4D2122AC-CE47-4766-BA23-DB2E0175BD8B}.Release|Any CPU.ActiveCfg = Release|Any CPU
		{4D2122AC-CE47-4766-BA23-DB2E0175BD8B}.Release|Any CPU.Build.0 = Release|Any CPU
		{D15F82F4-7399-4D30-8245-C955B9B20D3E}.Debug|Any CPU.ActiveCfg = Debug|Any CPU
		{D15F82F4-7399-4D30-8245-C955B9B20D3E}.Debug|Any CPU.Build.0 = Debug|Any CPU
		{D15F82F4-7399-4D30-8245-C955B9B20D3E}.Release|Any CPU.ActiveCfg = Release|Any CPU
		{D15F82F4-7399-4D30-8245-C955B9B20D3E}.Release|Any CPU.Build.0 = Release|Any CPU
		{9DCCD433-35EA-4A21-8AAF-F225EC6EB926}.Debug|Any CPU.ActiveCfg = Debug|Any CPU
		{9DCCD433-35EA-4A21-8AAF-F225EC6EB926}.Debug|Any CPU.Build.0 = Debug|Any CPU
		{9DCCD433-35EA-4A21-8AAF-F225EC6EB926}.Release|Any CPU.ActiveCfg = Release|Any CPU
		{9DCCD433-35EA-4A21-8AAF-F225EC6EB926}.Release|Any CPU.Build.0 = Release|Any CPU
	EndGlobalSection
	GlobalSection(NestedProjects) = preSolution
		{B697AE41-80D5-4434-83ED-01F90ABEB3F8} = {8185DDD2-2FD0-44E4-AC6E-5AD61E0A4099}
		{38D6EFC4-CF47-470C-98C8-F5C5FB17FF45} = {8185DDD2-2FD0-44E4-AC6E-5AD61E0A4099}
		{1C89DA49-3702-473E-846A-38069CEC15B7} = {8185DDD2-2FD0-44E4-AC6E-5AD61E0A4099}
		{71FA90D6-BFF7-45A6-B493-9D7351D18ED7} = {8185DDD2-2FD0-44E4-AC6E-5AD61E0A4099}
		{A5447312-7427-4C16-92C8-2162DE991564} = {8185DDD2-2FD0-44E4-AC6E-5AD61E0A4099}
		{755566AE-49B2-43B6-8EC2-3FFD6D899238} = {8185DDD2-2FD0-44E4-AC6E-5AD61E0A4099}
		{43223BD8-D84B-4FEC-8FD4-B923DB174292} = {8185DDD2-2FD0-44E4-AC6E-5AD61E0A4099}
		{DEE4F4C1-1982-4939-BAFD-4E33DB18E863} = {C6D4B14C-E75A-402E-82BF-F86C7B187F6E}
		{9368F574-7D3D-4D30-8AB7-F4518F3D4867} = {C6D4B14C-E75A-402E-82BF-F86C7B187F6E}
		{866F7116-CDBF-4243-8337-A002FBC57796} = {29EE76A5-BC2C-438F-9DBB-60CCF91ECBD4}
		{DCE22BD1-46A7-4845-8BB2-2F5B622472F1} = {C6D4B14C-E75A-402E-82BF-F86C7B187F6E}
		{334E9DBF-0A41-4BDA-B2EC-83C6E7795629} = {C6D4B14C-E75A-402E-82BF-F86C7B187F6E}
		{4D2122AC-CE47-4766-BA23-DB2E0175BD8B} = {C6D4B14C-E75A-402E-82BF-F86C7B187F6E}
		{D15F82F4-7399-4D30-8245-C955B9B20D3E} = {C6D4B14C-E75A-402E-82BF-F86C7B187F6E}
		{9DCCD433-35EA-4A21-8AAF-F225EC6EB926} = {2C1A09D2-43E9-4874-A5FF-25EF213CCDEA}
	EndGlobalSection
EndGlobal
